<?xml version="1.0" encoding="utf-8"?>
<Project ToolsVersion="4.0" xmlns="http://schemas.microsoft.com/developer/msbuild/2003">
  <ItemGroup>
    <Filter Include="Source Files">
      <UniqueIdentifier>{4FC737F1-C7A5-4376-A066-2A32D752A2FF}</UniqueIdentifier>
      <Extensions>cpp;c;cc;cxx;c++;cppm;ixx;def;odl;idl;hpj;bat;asm;asmx</Extensions>
    </Filter>
    <Filter Include="Header Files">
      <UniqueIdentifier>{93995380-89BD-4b04-88EB-625FBE52EBFB}</UniqueIdentifier>
      <Extensions>h;hh;hpp;hxx;h++;hm;inl;inc;ipp;xsd</Extensions>
    </Filter>
    <Filter Include="Resource Files">
      <UniqueIdentifier>{67DA6AB6-F800-4c08-8B7A-83BB121AAD01}</UniqueIdentifier>
      <Extensions>rc;ico;cur;bmp;dlg;rc2;rct;bin;rgs;gif;jpg;jpeg;jpe;resx;tiff;tif;png;wav;mfcribbon-ms</Extensions>
    </Filter>
    <Filter Include="Header Files\Telltale">
      <UniqueIdentifier>{df6da426-791a-4e69-8f2f-ebc60c274ba4}</UniqueIdentifier>
    </Filter>
    <Filter Include="Header Files\CustomTypes">
      <UniqueIdentifier>{ee708ea3-17bb-4ac7-832c-2e4b7d5d9f03}</UniqueIdentifier>
    </Filter>
    <Filter Include="Header Files\Telltale\DataTypes">
      <UniqueIdentifier>{ee259593-110d-484a-84e9-fc1c7a2f9f55}</UniqueIdentifier>
    </Filter>
    <Filter Include="Header Files\Telltale\Enums">
      <UniqueIdentifier>{247d4498-e591-4986-9fc7-10cec587ed7d}</UniqueIdentifier>
    </Filter>
  </ItemGroup>
  <ItemGroup>
    <ClCompile Include="Application.cpp">
      <Filter>Source Files</Filter>
    </ClCompile>
  </ItemGroup>
  <ItemGroup>
    <ClInclude Include="BinarySerialization.h">
      <Filter>Header Files</Filter>
    </ClInclude>
    <ClInclude Include="BinaryDeserialization.h">
      <Filter>Header Files</Filter>
    </ClInclude>
    <ClInclude Include="BinaryHelper.h">
      <Filter>Header Files</Filter>
    </ClInclude>
    <ClInclude Include="Json.h">
      <Filter>Header Files</Filter>
    </ClInclude>
    <ClInclude Include="D3DMeshDataToAssimpV1.h">
      <Filter>Header Files</Filter>
    </ClInclude>
    <ClInclude Include="AssimpHelper.h">
      <Filter>Header Files</Filter>
    </ClInclude>
    <ClInclude Include="D3DMeshDataToAssimpV2.h">
      <Filter>Header Files</Filter>
    </ClInclude>
    <ClInclude Include="D3DMeshDataToAssimpV3.h">
      <Filter>Header Files</Filter>
    </ClInclude>
    <ClInclude Include="AssimpToD3DMeshDataV1.h">
      <Filter>Header Files</Filter>
    </ClInclude>
    <ClInclude Include="CustomTypes\FileEntry.h">
      <Filter>Header Files\CustomTypes</Filter>
    </ClInclude>
    <ClInclude Include="CustomTypes\IntegerVector2.h">
      <Filter>Header Files\CustomTypes</Filter>
    </ClInclude>
    <ClInclude Include="CustomTypes\IntegerVector3.h">
      <Filter>Header Files\CustomTypes</Filter>
    </ClInclude>
    <ClInclude Include="CustomTypes\IntegerVector4.h">
      <Filter>Header Files\CustomTypes</Filter>
    </ClInclude>
    <ClInclude Include="CustomTypes\TelltaleMeshDataStorage.h">
      <Filter>Header Files\CustomTypes</Filter>
    </ClInclude>
    <ClInclude Include="CustomTypes\UnsignedIntegerVector2.h">
      <Filter>Header Files\CustomTypes</Filter>
    </ClInclude>
    <ClInclude Include="CustomTypes\UnsignedIntegerVector3.h">
      <Filter>Header Files\CustomTypes</Filter>
    </ClInclude>
    <ClInclude Include="CustomTypes\UnsignedIntegerVector4.h">
      <Filter>Header Files\CustomTypes</Filter>
    </ClInclude>
    <ClInclude Include="Telltale\Enums\BoneType.h">
      <Filter>Header Files\Telltale\Enums</Filter>
    </ClInclude>
    <ClInclude Include="Telltale\Enums\GFXPlatformBufferUsage.h">
      <Filter>Header Files\Telltale\Enums</Filter>
    </ClInclude>
    <ClInclude Include="Telltale\Enums\GFXPlatformFormat.h">
      <Filter>Header Files\Telltale\Enums</Filter>
    </ClInclude>
    <ClInclude Include="Telltale\Enums\GFXPlatformVertexAttribute.h">
      <Filter>Header Files\Telltale\Enums</Filter>
    </ClInclude>
    <ClInclude Include="Telltale\Enums\T3MeshBatchUsageFlag.h">
      <Filter>Header Files\Telltale\Enums</Filter>
    </ClInclude>
    <ClInclude Include="Telltale\Enums\T3ResourceUsage.h">
      <Filter>Header Files\Telltale\Enums</Filter>
    </ClInclude>
    <ClInclude Include="Telltale\T3GFXBufferDeserialization.h">
      <Filter>Header Files\Telltale</Filter>
    </ClInclude>
    <ClInclude Include="Telltale\T3GFXBufferSerialization.h">
      <Filter>Header Files\Telltale</Filter>
    </ClInclude>
    <ClInclude Include="Telltale\DataTypes\BoneConstraints.h">
      <Filter>Header Files\Telltale\DataTypes</Filter>
    </ClInclude>
    <ClInclude Include="Telltale\DataTypes\BoundingBox.h">
      <Filter>Header Files\Telltale\DataTypes</Filter>
    </ClInclude>
    <ClInclude Include="Telltale\DataTypes\BoundingSphere.h">
      <Filter>Header Files\Telltale\DataTypes</Filter>
    </ClInclude>
    <ClInclude Include="Telltale\DataTypes\GFXPlatformAttributeParams.h">
      <Filter>Header Files\Telltale\DataTypes</Filter>
    </ClInclude>
    <ClInclude Include="Telltale\DataTypes\Quaternion.h">
      <Filter>Header Files\Telltale\DataTypes</Filter>
    </ClInclude>
    <ClInclude Include="Telltale\DataTypes\ResourceGroupMembership.h">
      <Filter>Header Files\Telltale\DataTypes</Filter>
    </ClInclude>
    <ClInclude Include="Telltale\DataTypes\ResourceGroupMembershipMapEntry.h">
      <Filter>Header Files\Telltale\DataTypes</Filter>
    </ClInclude>
    <ClInclude Include="Telltale\DataTypes\Skeleton.h">
      <Filter>Header Files\Telltale\DataTypes</Filter>
    </ClInclude>
    <ClInclude Include="Telltale\DataTypes\SkeletonEntry.h">
      <Filter>Header Files\Telltale\DataTypes</Filter>
    </ClInclude>
    <ClInclude Include="Telltale\DataTypes\Symbol.h">
      <Filter>Header Files\Telltale\DataTypes</Filter>
    </ClInclude>
    <ClInclude Include="Telltale\DataTypes\T3GFXBuffer.h">
      <Filter>Header Files\Telltale\DataTypes</Filter>
    </ClInclude>
    <ClInclude Include="Telltale\DataTypes\T3MaterialRequirements.h">
      <Filter>Header Files\Telltale\DataTypes</Filter>
    </ClInclude>
    <ClInclude Include="Telltale\DataTypes\T3MeshBatch.h">
      <Filter>Header Files\Telltale\DataTypes</Filter>
    </ClInclude>
    <ClInclude Include="Telltale\DataTypes\T3MeshBoneEntry.h">
      <Filter>Header Files\Telltale\DataTypes</Filter>
    </ClInclude>
    <ClInclude Include="Telltale\DataTypes\T3MeshLocalTransformEntry.h">
      <Filter>Header Files\Telltale\DataTypes</Filter>
    </ClInclude>
    <ClInclude Include="Telltale\DataTypes\T3MeshLOD.h">
      <Filter>Header Files\Telltale\DataTypes</Filter>
    </ClInclude>
    <ClInclude Include="Telltale\DataTypes\T3MeshMaterial.h">
      <Filter>Header Files\Telltale\DataTypes</Filter>
    </ClInclude>
    <ClInclude Include="Telltale\DataTypes\TelltaleClassName.h">
      <Filter>Header Files\Telltale\DataTypes</Filter>
    </ClInclude>
    <ClInclude Include="Telltale\DataTypes\TelltaleD3DMeshDataV55.h">
      <Filter>Header Files\Telltale\DataTypes</Filter>
    </ClInclude>
    <ClInclude Include="Telltale\DataTypes\TelltaleD3DMeshFileV55.h">
      <Filter>Header Files\Telltale\DataTypes</Filter>
    </ClInclude>
    <ClInclude Include="Telltale\DataTypes\TelltaleD3DMeshHeaderV55.h">
      <Filter>Header Files\Telltale\DataTypes</Filter>
    </ClInclude>
    <ClInclude Include="Telltale\DataTypes\TelltaleInternalResource.h">
      <Filter>Header Files\Telltale\DataTypes</Filter>
    </ClInclude>
    <ClInclude Include="Telltale\DataTypes\TelltaleMetaHeaderVersion6.h">
      <Filter>Header Files\Telltale\DataTypes</Filter>
    </ClInclude>
    <ClInclude Include="Telltale\DataTypes\TelltaleSkeletonFile.h">
      <Filter>Header Files\Telltale\DataTypes</Filter>
    </ClInclude>
    <ClInclude Include="Telltale\DataTypes\TRangeFloat.h">
      <Filter>Header Files\Telltale\DataTypes</Filter>
    </ClInclude>
    <ClInclude Include="Telltale\DataTypes\Transform.h">
      <Filter>Header Files\Telltale\DataTypes</Filter>
    </ClInclude>
    <ClInclude Include="Telltale\DataTypes\Vector2.h">
      <Filter>Header Files\Telltale\DataTypes</Filter>
    </ClInclude>
    <ClInclude Include="Telltale\DataTypes\Vector3.h">
      <Filter>Header Files\Telltale\DataTypes</Filter>
    </ClInclude>
    <ClInclude Include="Telltale\DataTypes\Vector4.h">
      <Filter>Header Files\Telltale\DataTypes</Filter>
    </ClInclude>
  </ItemGroup>
</Project>